
Microsoft Visual Studio Solution File, Format Version 12.00
# Visual Studio Version 17
VisualStudioVersion = 17.4.33205.214
MinimumVisualStudioVersion = 10.0.40219.1
Project("{FAE04EC0-301F-11D3-BF4B-00C04F79EFBC}") = "XamarinKeystoreTest.Android", "XamarinKeystoreTest\XamarinKeystoreTest.Android\XamarinKeystoreTest.Android.csproj", "{5AEDDDC4-B482-4CBD-A7C0-7BB5994C144E}"
EndProject
Project("{FAE04EC0-301F-11D3-BF4B-00C04F79EFBC}") = "XamarinKeystoreTest.iOS", "XamarinKeystoreTest\XamarinKeystoreTest.iOS\XamarinKeystoreTest.iOS.csproj", "{DC68F0E4-1618-4155-951D-7762A7178373}"
EndProject
Project("{FAE04EC0-301F-11D3-BF4B-00C04F79EFBC}") = "XamarinKeystoreTest", "XamarinKeystoreTest\XamarinKeystoreTest\XamarinKeystoreTest.csproj", "{BDB44C02-DFCC-4CDC-B226-4B1765E3B7ED}"
EndProject
Global
	GlobalSection(SolutionConfigurationPlatforms) = preSolution
		Debug|Any CPU = Debug|Any CPU
		Debug|iPhone = Debug|iPhone
		Debug|iPhoneSimulator = Debug|iPhoneSimulator
		Release|Any CPU = Release|Any CPU
		Release|iPhone = Release|iPhone
		Release|iPhoneSimulator = Release|iPhoneSimulator
	EndGlobalSection
	GlobalSection(ProjectConfigurationPlatforms) = postSolution
		{5AEDDDC4-B482-4CBD-A7C0-7BB5994C144E}.Debug|Any CPU.ActiveCfg = Debug|Any CPU
		{5AEDDDC4-B482-4CBD-A7C0-7BB5994C144E}.Debug|Any CPU.Build.0 = Debug|Any CPU
		{5AEDDDC4-B482-4CBD-A7C0-7BB5994C144E}.Debug|Any CPU.Deploy.0 = Debug|Any CPU
		{5AEDDDC4-B482-4CBD-A7C0-7BB5994C144E}.Debug|iPhone.ActiveCfg = Debug|Any CPU
		{5AEDDDC4-B482-4CBD-A7C0-7BB5994C144E}.Debug|iPhone.Build.0 = Debug|Any CPU
		{5AEDDDC4-B482-4CBD-A7C0-7BB5994C144E}.Debug|iPhone.Deploy.0 = Debug|Any CPU
		{5AEDDDC4-B482-4CBD-A7C0-7BB5994C144E}.Debug|iPhoneSimulator.ActiveCfg = Debug|Any CPU
		{5AEDDDC4-B482-4CBD-A7C0-7BB5994C144E}.Debug|iPhoneSimulator.Build.0 = Debug|Any CPU
		{5AEDDDC4-B482-4CBD-A7C0-7BB5994C144E}.Debug|iPhoneSimulator.Deploy.0 = Debug|Any CPU
		{5AEDDDC4-B482-4CBD-A7C0-7BB5994C144E}.Release|Any CPU.ActiveCfg = Release|Any CPU
		{5AEDDDC4-B482-4CBD-A7C0-7BB5994C144E}.Release|Any CPU.Build.0 = Release|Any CPU
		{5AEDDDC4-B482-4CBD-A7C0-7BB5994C144E}.Release|Any CPU.Deploy.0 = Release|Any CPU
		{5AEDDDC4-B482-4CBD-A7C0-7BB5994C144E}.Release|iPhone.ActiveCfg = Release|Any CPU
		{5AEDDDC4-B482-4CBD-A7C0-7BB5994C144E}.Release|iPhone.Build.0 = Release|Any CPU
		{5AEDDDC4-B482-4CBD-A7C0-7BB5994C144E}.Release|iPhone.Deploy.0 = Release|Any CPU
		{5AEDDDC4-B482-4CBD-A7C0-7BB5994C144E}.Release|iPhoneSimulator.ActiveCfg = Release|Any CPU
		{5AEDDDC4-B482-4CBD-A7C0-7BB5994C144E}.Release|iPhoneSimulator.Build.0 = Release|Any CPU
		{5AEDDDC4-B482-4CBD-A7C0-7BB5994C144E}.Release|iPhoneSimulator.Deploy.0 = Release|Any CPU
		{DC68F0E4-1618-4155-951D-7762A7178373}.Debug|Any CPU.ActiveCfg = Debug|iPhone
		{DC68F0E4-1618-4155-951D-7762A7178373}.Debug|Any CPU.Build.0 = Debug|iPhone
		{DC68F0E4-1618-4155-951D-7762A7178373}.Debug|Any CPU.Deploy.0 = Debug|iPhone
		{DC68F0E4-1618-4155-951D-7762A7178373}.Debug|iPhone.ActiveCfg = Debug|iPhone
		{DC68F0E4-1618-4155-951D-7762A7178373}.Debug|iPhone.Build.0 = Debug|iPhone
		{DC68F0E4-1618-4155-951D-7762A7178373}.Debug|iPhone.Deploy.0 = Debug|iPhone
		{DC68F0E4-1618-4155-951D-7762A7178373}.Debug|iPhoneSimulator.ActiveCfg = Debug|iPhoneSimulator
		{DC68F0E4-1618-4155-951D-7762A7178373}.Debug|iPhoneSimulator.Build.0 = Debug|iPhoneSimulator
		{DC68F0E4-1618-4155-951D-7762A7178373}.Debug|iPhoneSimulator.Deploy.0 = Debug|iPhoneSimulator
		{DC68F0E4-1618-4155-951D-7762A7178373}.Release|Any CPU.ActiveCfg = Release|iPhoneSimulator
		{DC68F0E4-1618-4155-951D-7762A7178373}.Release|Any CPU.Build.0 = Release|iPhoneSimulator
		{DC68F0E4-1618-4155-951D-7762A7178373}.Release|Any CPU.Deploy.0 = Release|iPhoneSimulator
		{DC68F0E4-1618-4155-951D-7762A7178373}.Release|iPhone.ActiveCfg = Release|iPhone
		{DC68F0E4-1618-4155-951D-7762A7178373}.Release|iPhone.Build.0 = Release|iPhone
		{DC68F0E4-1618-4155-951D-7762A7178373}.Release|iPhone.Deploy.0 = Release|iPhone
		{DC68F0E4-1618-4155-951D-7762A7178373}.Release|iPhoneSimulator.ActiveCfg = Release|iPhoneSimulator
		{DC68F0E4-1618-4155-951D-7762A7178373}.Release|iPhoneSimulator.Build.0 = Release|iPhoneSimulator
		{DC68F0E4-1618-4155-951D-7762A7178373}.Release|iPhoneSimulator.Deploy.0 = Release|iPhoneSimulator
		{BDB44C02-DFCC-4CDC-B226-4B1765E3B7ED}.Debug|Any CPU.ActiveCfg = Debug|Any CPU
		{BDB44C02-DFCC-4CDC-B226-4B1765E3B7ED}.Debug|Any CPU.Build.0 = Debug|Any CPU
		{BDB44C02-DFCC-4CDC-B226-4B1765E3B7ED}.Debug|Any CPU.Deploy.0 = Debug|Any CPU
		{BDB44C02-DFCC-4CDC-B226-4B1765E3B7ED}.Debug|iPhone.ActiveCfg = Debug|Any CPU
		{BDB44C02-DFCC-4CDC-B226-4B1765E3B7ED}.Debug|iPhone.Build.0 = Debug|Any CPU
		{BDB44C02-DFCC-4CDC-B226-4B1765E3B7ED}.Debug|iPhone.Deploy.0 = Debug|Any CPU
		{BDB44C02-DFCC-4CDC-B226-4B1765E3B7ED}.Debug|iPhoneSimulator.ActiveCfg = Debug|Any CPU
		{BDB44C02-DFCC-4CDC-B226-4B1765E3B7ED}.Debug|iPhoneSimulator.Build.0 = Debug|Any CPU
		{BDB44C02-DFCC-4CDC-B226-4B1765E3B7ED}.Debug|iPhoneSimulator.Deploy.0 = Debug|Any CPU
		{BDB44C02-DFCC-4CDC-B226-4B1765E3B7ED}.Release|Any CPU.ActiveCfg = Release|Any CPU
		{BDB44C02-DFCC-4CDC-B226-4B1765E3B7ED}.Release|Any CPU.Build.0 = Release|Any CPU
		{BDB44C02-DFCC-4CDC-B226-4B1765E3B7ED}.Release|Any CPU.Deploy.0 = Release|Any CPU
		{BDB44C02-DFCC-4CDC-B226-4B1765E3B7ED}.Release|iPhone.ActiveCfg = Release|Any CPU
		{BDB44C02-DFCC-4CDC-B226-4B1765E3B7ED}.Release|iPhone.Build.0 = Release|Any CPU
		{BDB44C02-DFCC-4CDC-B226-4B1765E3B7ED}.Release|iPhone.Deploy.0 = Release|Any CPU
		{BDB44C02-DFCC-4CDC-B226-4B1765E3B7ED}.Release|iPhoneSimulator.ActiveCfg = Release|Any CPU
		{BDB44C02-DFCC-4CDC-B226-4B1765E3B7ED}.Release|iPhoneSimulator.Build.0 = Release|Any CPU
		{BDB44C02-DFCC-4CDC-B226-4B1765E3B7ED}.Release|iPhoneSimulator.Deploy.0 = Release|Any CPU
	EndGlobalSection
	GlobalSection(SolutionProperties) = preSolution
		HideSolutionNode = FALSE
	EndGlobalSection
	GlobalSection(ExtensibilityGlobals) = postSolution
		SolutionGuid = {8F74D835-5C90-47A6-B27C-F17E24EB4310}
	EndGlobalSection
EndGlobal
